// !$*UTF8*$!
{
	archiveVersion = 1;
	classes = {
	};
	objectVersion = 56;
	objects = {

/* Begin PBXBuildFile section */
		CA2B5FE92AB7DFC200749787 /* iChatApp.swift in Sources */ = {isa = PBXBuildFile; fileRef = CA2B5FE82AB7DFC200749787 /* iChatApp.swift */; };
		CA2B5FEB2AB7DFC200749787 /* ContentView.swift in Sources */ = {isa = PBXBuildFile; fileRef = CA2B5FEA2AB7DFC200749787 /* ContentView.swift */; };
		CA2B5FED2AB7DFC300749787 /* Assets.xcassets in Resources */ = {isa = PBXBuildFile; fileRef = CA2B5FEC2AB7DFC300749787 /* Assets.xcassets */; };
		CA2B5FF02AB7DFC300749787 /* Preview Assets.xcassets in Resources */ = {isa = PBXBuildFile; fileRef = CA2B5FEF2AB7DFC300749787 /* Preview Assets.xcassets */; };
		CA2B5FFA2AB7DFC300749787 /* iChatTests.swift in Sources */ = {isa = PBXBuildFile; fileRef = CA2B5FF92AB7DFC300749787 /* iChatTests.swift */; };
		CA2B60042AB7DFC300749787 /* iChatUITests.swift in Sources */ = {isa = PBXBuildFile; fileRef = CA2B60032AB7DFC300749787 /* iChatUITests.swift */; };
		CA2B60062AB7DFC300749787 /* iChatUITestsLaunchTests.swift in Sources */ = {isa = PBXBuildFile; fileRef = CA2B60052AB7DFC300749787 /* iChatUITestsLaunchTests.swift */; };
		CAFD31D62ABCEC3B00B92BD5 /* Conf.swift in Sources */ = {isa = PBXBuildFile; fileRef = CAFD31D52ABCEC3B00B92BD5 /* Conf.swift */; };
		CAFD31DA2ABCED6F00B92BD5 /* Settings.swift in Sources */ = {isa = PBXBuildFile; fileRef = CAFD31D92ABCED6F00B92BD5 /* Settings.swift */; };
		CAFD31DD2ABCF33600B92BD5 /* General.swift in Sources */ = {isa = PBXBuildFile; fileRef = CAFD31DC2ABCF33600B92BD5 /* General.swift */; };
		CAFD31DF2ABCF39E00B92BD5 /* Server.swift in Sources */ = {isa = PBXBuildFile; fileRef = CAFD31DE2ABCF39E00B92BD5 /* Server.swift */; };
		CAFD31E12ABCF51200B92BD5 /* Request.swift in Sources */ = {isa = PBXBuildFile; fileRef = CAFD31E02ABCF51200B92BD5 /* Request.swift */; };
		CAFDCAEB2AC6FFDE00048E55 /* Client.swift in Sources */ = {isa = PBXBuildFile; fileRef = CAFDCAEA2AC6FFDE00048E55 /* Client.swift */; };
		CAFDCAED2AC70B4700048E55 /* User.swift in Sources */ = {isa = PBXBuildFile; fileRef = CAFDCAEC2AC70B4700048E55 /* User.swift */; };
/* End PBXBuildFile section */

/* Begin PBXContainerItemProxy section */
		CA2B5FF62AB7DFC300749787 /* PBXContainerItemProxy */ = {
			isa = PBXContainerItemProxy;
			containerPortal = CA2B5FDD2AB7DFC200749787 /* Project object */;
			proxyType = 1;
			remoteGlobalIDString = CA2B5FE42AB7DFC200749787;
			remoteInfo = iChat;
		};
		CA2B60002AB7DFC300749787 /* PBXContainerItemProxy */ = {
			isa = PBXContainerItemProxy;
			containerPortal = CA2B5FDD2AB7DFC200749787 /* Project object */;
			proxyType = 1;
			remoteGlobalIDString = CA2B5FE42AB7DFC200749787;
			remoteInfo = iChat;
		};
/* End PBXContainerItemProxy section */

/* Begin PBXFileReference section */
		CA2B5FE52AB7DFC200749787 /* iChat.app */ = {isa = PBXFileReference; explicitFileType = wrapper.application; includeInIndex = 0; path = iChat.app; sourceTree = BUILT_PRODUCTS_DIR; };
		CA2B5FE82AB7DFC200749787 /* iChatApp.swift */ = {isa = PBXFileReference; lastKnownFileType = sourcecode.swift; path = iChatApp.swift; sourceTree = "<group>"; };
		CA2B5FEA2AB7DFC200749787 /* ContentView.swift */ = {isa = PBXFileReference; lastKnownFileType = sourcecode.swift; path = ContentView.swift; sourceTree = "<group>"; };
		CA2B5FEC2AB7DFC300749787 /* Assets.xcassets */ = {isa = PBXFileReference; lastKnownFileType = folder.assetcatalog; path = Assets.xcassets; sourceTree = "<group>"; };
		CA2B5FEF2AB7DFC300749787 /* Preview Assets.xcassets */ = {isa = PBXFileReference; lastKnownFileType = folder.assetcatalog; path = "Preview Assets.xcassets"; sourceTree = "<group>"; };
		CA2B5FF52AB7DFC300749787 /* iChatTests.xctest */ = {isa = PBXFileReference; explicitFileType = wrapper.cfbundle; includeInIndex = 0; path = iChatTests.xctest; sourceTree = BUILT_PRODUCTS_DIR; };
		CA2B5FF92AB7DFC300749787 /* iChatTests.swift */ = {isa = PBXFileReference; lastKnownFileType = sourcecode.swift; path = iChatTests.swift; sourceTree = "<group>"; };
		CA2B5FFF2AB7DFC300749787 /* iChatUITests.xctest */ = {isa = PBXFileReference; explicitFileType = wrapper.cfbundle; includeInIndex = 0; path = iChatUITests.xctest; sourceTree = BUILT_PRODUCTS_DIR; };
		CA2B60032AB7DFC300749787 /* iChatUITests.swift */ = {isa = PBXFileReference; lastKnownFileType = sourcecode.swift; path = iChatUITests.swift; sourceTree = "<group>"; };
		CA2B60052AB7DFC300749787 /* iChatUITestsLaunchTests.swift */ = {isa = PBXFileReference; lastKnownFileType = sourcecode.swift; path = iChatUITestsLaunchTests.swift; sourceTree = "<group>"; };
		CAFD31D52ABCEC3B00B92BD5 /* Conf.swift */ = {isa = PBXFileReference; lastKnownFileType = sourcecode.swift; path = Conf.swift; sourceTree = "<group>"; };
		CAFD31D92ABCED6F00B92BD5 /* Settings.swift */ = {isa = PBXFileReference; lastKnownFileType = sourcecode.swift; path = Settings.swift; sourceTree = "<group>"; };
		CAFD31DC2ABCF33600B92BD5 /* General.swift */ = {isa = PBXFileReference; lastKnownFileType = sourcecode.swift; path = General.swift; sourceTree = "<group>"; };
		CAFD31DE2ABCF39E00B92BD5 /* Server.swift */ = {isa = PBXFileReference; lastKnownFileType = sourcecode.swift; path = Server.swift; sourceTree = "<group>"; };
		CAFD31E02ABCF51200B92BD5 /* Request.swift */ = {isa = PBXFileReference; lastKnownFileType = sourcecode.swift; path = Request.swift; sourceTree = "<group>"; };
		CAFDCAEA2AC6FFDE00048E55 /* Client.swift */ = {isa = PBXFileReference; lastKnownFileType = sourcecode.swift; path = Client.swift; sourceTree = "<group>"; };
		CAFDCAEC2AC70B4700048E55 /* User.swift */ = {isa = PBXFileReference; lastKnownFileType = sourcecode.swift; path = User.swift; sourceTree = "<group>"; };
/* End PBXFileReference section */

/* Begin PBXFrameworksBuildPhase section */
		CA2B5FE22AB7DFC200749787 /* Frameworks */ = {
			isa = PBXFrameworksBuildPhase;
			buildActionMask = 2147483647;
			files = (
			);
			runOnlyForDeploymentPostprocessing = 0;
		};
		CA2B5FF22AB7DFC300749787 /* Frameworks */ = {
			isa = PBXFrameworksBuildPhase;
			buildActionMask = 2147483647;
			files = (
			);
			runOnlyForDeploymentPostprocessing = 0;
		};
		CA2B5FFC2AB7DFC300749787 /* Frameworks */ = {
			isa = PBXFrameworksBuildPhase;
			buildActionMask = 2147483647;
			files = (
			);
			runOnlyForDeploymentPostprocessing = 0;
		};
/* End PBXFrameworksBuildPhase section */

/* Begin PBXGroup section */
		CA2B5FDC2AB7DFC200749787 = {
			isa = PBXGroup;
			children = (
				CA2B5FE72AB7DFC200749787 /* iChat */,
				CA2B5FF82AB7DFC300749787 /* iChatTests */,
				CA2B60022AB7DFC300749787 /* iChatUITests */,
				CA2B5FE62AB7DFC200749787 /* Products */,
			);
			sourceTree = "<group>";
		};
		CA2B5FE62AB7DFC200749787 /* Products */ = {
			isa = PBXGroup;
			children = (
				CA2B5FE52AB7DFC200749787 /* iChat.app */,
				CA2B5FF52AB7DFC300749787 /* iChatTests.xctest */,
				CA2B5FFF2AB7DFC300749787 /* iChatUITests.xctest */,
			);
			name = Products;
			sourceTree = "<group>";
		};
		CA2B5FE72AB7DFC200749787 /* iChat */ = {
			isa = PBXGroup;
			children = (
				CAFD31D72ABCED4400B92BD5 /* modules */,
				CAFD31D22ABCEB4800B92BD5 /* library */,
				CA2B5FE82AB7DFC200749787 /* iChatApp.swift */,
				CA2B5FEA2AB7DFC200749787 /* ContentView.swift */,
				CA2B5FEC2AB7DFC300749787 /* Assets.xcassets */,
				CA2B5FEE2AB7DFC300749787 /* Preview Content */,
			);
			path = iChat;
			sourceTree = "<group>";
		};
		CA2B5FEE2AB7DFC300749787 /* Preview Content */ = {
			isa = PBXGroup;
			children = (
				CA2B5FEF2AB7DFC300749787 /* Preview Assets.xcassets */,
			);
			path = "Preview Content";
			sourceTree = "<group>";
		};
		CA2B5FF82AB7DFC300749787 /* iChatTests */ = {
			isa = PBXGroup;
			children = (
				CA2B5FF92AB7DFC300749787 /* iChatTests.swift */,
			);
			path = iChatTests;
			sourceTree = "<group>";
		};
		CA2B60022AB7DFC300749787 /* iChatUITests */ = {
			isa = PBXGroup;
			children = (
				CA2B60032AB7DFC300749787 /* iChatUITests.swift */,
				CA2B60052AB7DFC300749787 /* iChatUITestsLaunchTests.swift */,
			);
			path = iChatUITests;
			sourceTree = "<group>";
		};
		CAFD31D22ABCEB4800B92BD5 /* library */ = {
			isa = PBXGroup;
			children = (
				CAFD31D42ABCEBEF00B92BD5 /* conf */,
				CAFDCAE52AC5FBE800048E55 /* sqlite */,
				CAFD31D32ABCEB4F00B92BD5 /* request */,
			);
			path = library;
			sourceTree = "<group>";
		};
		CAFD31D32ABCEB4F00B92BD5 /* request */ = {
			isa = PBXGroup;
			children = (
				CAFD31E02ABCF51200B92BD5 /* Request.swift */,
			);
			path = request;
			sourceTree = "<group>";
		};
		CAFD31D42ABCEBEF00B92BD5 /* conf */ = {
			isa = PBXGroup;
			children = (
				CAFD31D52ABCEC3B00B92BD5 /* Conf.swift */,
			);
			path = conf;
			sourceTree = "<group>";
		};
		CAFD31D72ABCED4400B92BD5 /* modules */ = {
			isa = PBXGroup;
			children = (
				CAFD31D82ABCED4B00B92BD5 /* settings */,
			);
			path = modules;
			sourceTree = "<group>";
		};
		CAFD31D82ABCED4B00B92BD5 /* settings */ = {
			isa = PBXGroup;
			children = (
				CAFD31DB2ABCF32500B92BD5 /* general */,
				CAFD31D92ABCED6F00B92BD5 /* Settings.swift */,
			);
			path = settings;
			sourceTree = "<group>";
		};
		CAFD31DB2ABCF32500B92BD5 /* general */ = {
			isa = PBXGroup;
			children = (
				CAFD31DC2ABCF33600B92BD5 /* General.swift */,
				CAFD31DE2ABCF39E00B92BD5 /* Server.swift */,
				CAFDCAEC2AC70B4700048E55 /* User.swift */,
			);
			path = general;
			sourceTree = "<group>";
		};
		CAFDCAE52AC5FBE800048E55 /* sqlite */ = {
			isa = PBXGroup;
			children = (
				CAFDCAEA2AC6FFDE00048E55 /* Client.swift */,
			);
			path = sqlite;
			sourceTree = "<group>";
		};
/* End PBXGroup section */

/* Begin PBXNativeTarget section */
		CA2B5FE42AB7DFC200749787 /* iChat */ = {
			isa = PBXNativeTarget;
			buildConfigurationList = CA2B60092AB7DFC300749787 /* Build configuration list for PBXNativeTarget "iChat" */;
			buildPhases = (
				CA2B5FE12AB7DFC200749787 /* Sources */,
				CA2B5FE22AB7DFC200749787 /* Frameworks */,
				CA2B5FE32AB7DFC200749787 /* Resources */,
			);
			buildRules = (
			);
			dependencies = (
			);
			name = iChat;
			productName = iChat;
			productReference = CA2B5FE52AB7DFC200749787 /* iChat.app */;
			productType = "com.apple.product-type.application";
		};
		CA2B5FF42AB7DFC300749787 /* iChatTests */ = {
			isa = PBXNativeTarget;
			buildConfigurationList = CA2B600C2AB7DFC300749787 /* Build configuration list for PBXNativeTarget "iChatTests" */;
			buildPhases = (
				CA2B5FF12AB7DFC300749787 /* Sources */,
				CA2B5FF22AB7DFC300749787 /* Frameworks */,
				CA2B5FF32AB7DFC300749787 /* Resources */,
			);
			buildRules = (
			);
			dependencies = (
				CA2B5FF72AB7DFC300749787 /* PBXTargetDependency */,
			);
			name = iChatTests;
			productName = iChatTests;
			productReference = CA2B5FF52AB7DFC300749787 /* iChatTests.xctest */;
			productType = "com.apple.product-type.bundle.unit-test";
		};
		CA2B5FFE2AB7DFC300749787 /* iChatUITests */ = {
			isa = PBXNativeTarget;
			buildConfigurationList = CA2B600F2AB7DFC300749787 /* Build configuration list for PBXNativeTarget "iChatUITests" */;
			buildPhases = (
				CA2B5FFB2AB7DFC300749787 /* Sources */,
				CA2B5FFC2AB7DFC300749787 /* Frameworks */,
				CA2B5FFD2AB7DFC300749787 /* Resources */,
			);
			buildRules = (
			);
			dependencies = (
				CA2B60012AB7DFC300749787 /* PBXTargetDependency */,
			);
			name = iChatUITests;
			productName = iChatUITests;
			productReference = CA2B5FFF2AB7DFC300749787 /* iChatUITests.xctest */;
			productType = "com.apple.product-type.bundle.ui-testing";
		};
/* End PBXNativeTarget section */

/* Begin PBXProject section */
		CA2B5FDD2AB7DFC200749787 /* Project object */ = {
			isa = PBXProject;
			attributes = {
				BuildIndependentTargetsInParallel = 1;
				LastSwiftUpdateCheck = 1430;
				LastUpgradeCheck = 1430;
				TargetAttributes = {
					CA2B5FE42AB7DFC200749787 = {
						CreatedOnToolsVersion = 14.3.1;
					};
					CA2B5FF42AB7DFC300749787 = {
						CreatedOnToolsVersion = 14.3.1;
						TestTargetID = CA2B5FE42AB7DFC200749787;
					};
					CA2B5FFE2AB7DFC300749787 = {
						CreatedOnToolsVersion = 14.3.1;
						TestTargetID = CA2B5FE42AB7DFC200749787;
					};
				};
			};
			buildConfigurationList = CA2B5FE02AB7DFC200749787 /* Build configuration list for PBXProject "iChat" */;
			compatibilityVersion = "Xcode 14.0";
			developmentRegion = en;
			hasScannedForEncodings = 0;
			knownRegions = (
				en,
				Base,
			);
			mainGroup = CA2B5FDC2AB7DFC200749787;
			productRefGroup = CA2B5FE62AB7DFC200749787 /* Products */;
			projectDirPath = "";
			projectRoot = "";
			targets = (
				CA2B5FE42AB7DFC200749787 /* iChat */,
				CA2B5FF42AB7DFC300749787 /* iChatTests */,
				CA2B5FFE2AB7DFC300749787 /* iChatUITests */,
			);
		};
/* End PBXProject section */

/* Begin PBXResourcesBuildPhase section */
		CA2B5FE32AB7DFC200749787 /* Resources */ = {
			isa = PBXResourcesBuildPhase;
			buildActionMask = 2147483647;
			files = (
				CA2B5FF02AB7DFC300749787 /* Preview Assets.xcassets in Resources */,
				CA2B5FED2AB7DFC300749787 /* Assets.xcassets in Resources */,
			);
			runOnlyForDeploymentPostprocessing = 0;
		};
		CA2B5FF32AB7DFC300749787 /* Resources */ = {
			isa = PBXResourcesBuildPhase;
			buildActionMask = 2147483647;
			files = (
			);
			runOnlyForDeploymentPostprocessing = 0;
		};
		CA2B5FFD2AB7DFC300749787 /* Resources */ = {
			isa = PBXResourcesBuildPhase;
			buildActionMask = 2147483647;
			files = (
			);
			runOnlyForDeploymentPostprocessing = 0;
		};
/* End PBXResourcesBuildPhase section */

/* Begin PBXSourcesBuildPhase section */
		CA2B5FE12AB7DFC200749787 /* Sources */ = {
			isa = PBXSourcesBuildPhase;
			buildActionMask = 2147483647;
			files = (
				CAFD31D62ABCEC3B00B92BD5 /* Conf.swift in Sources */,
				CA2B5FEB2AB7DFC200749787 /* ContentView.swift in Sources */,
				CAFD31DA2ABCED6F00B92BD5 /* Settings.swift in Sources */,
				CA2B5FE92AB7DFC200749787 /* iChatApp.swift in Sources */,
				CAFD31E12ABCF51200B92BD5 /* Request.swift in Sources */,
				CAFDCAED2AC70B4700048E55 /* User.swift in Sources */,
				CAFD31DF2ABCF39E00B92BD5 /* Server.swift in Sources */,
				CAFDCAEB2AC6FFDE00048E55 /* Client.swift in Sources */,
				CAFD31DD2ABCF33600B92BD5 /* General.swift in Sources */,
			);
			runOnlyForDeploymentPostprocessing = 0;
		};
		CA2B5FF12AB7DFC300749787 /* Sources */ = {
			isa = PBXSourcesBuildPhase;
			buildActionMask = 2147483647;
			files = (
				CA2B5FFA2AB7DFC300749787 /* iChatTests.swift in Sources */,
			);
			runOnlyForDeploymentPostprocessing = 0;
		};
		CA2B5FFB2AB7DFC300749787 /* Sources */ = {
			isa = PBXSourcesBuildPhase;
			buildActionMask = 2147483647;
			files = (
				CA2B60062AB7DFC300749787 /* iChatUITestsLaunchTests.swift in Sources */,
				CA2B60042AB7DFC300749787 /* iChatUITests.swift in Sources */,
			);
			runOnlyForDeploymentPostprocessing = 0;
		};
/* End PBXSourcesBuildPhase section */

/* Begin PBXTargetDependency section */
		CA2B5FF72AB7DFC300749787 /* PBXTargetDependency */ = {
			isa = PBXTargetDependency;
			target = CA2B5FE42AB7DFC200749787 /* iChat */;
			targetProxy = CA2B5FF62AB7DFC300749787 /* PBXContainerItemProxy */;
		};
		CA2B60012AB7DFC300749787 /* PBXTargetDependency */ = {
			isa = PBXTargetDependency;
			target = CA2B5FE42AB7DFC200749787 /* iChat */;
			targetProxy = CA2B60002AB7DFC300749787 /* PBXContainerItemProxy */;
		};
/* End PBXTargetDependency section */

/* Begin XCBuildConfiguration section */
		CA2B60072AB7DFC300749787 /* Debug */ = {
			isa = XCBuildConfiguration;
			buildSettings = {
				ALWAYS_SEARCH_USER_PATHS = NO;
				CLANG_ANALYZER_NONNULL = YES;
				CLANG_ANALYZER_NUMBER_OBJECT_CONVERSION = YES_AGGRESSIVE;
				CLANG_CXX_LANGUAGE_STANDARD = "gnu++20";
				CLANG_ENABLE_MODULES = YES;
				CLANG_ENABLE_OBJC_ARC = YES;
				CLANG_ENABLE_OBJC_WEAK = YES;
				CLANG_WARN_BLOCK_CAPTURE_AUTORELEASING = YES;
				CLANG_WARN_BOOL_CONVERSION = YES;
				CLANG_WARN_COMMA = YES;
				CLANG_WARN_CONSTANT_CONVERSION = YES;
				CLANG_WARN_DEPRECATED_OBJC_IMPLEMENTATIONS = YES;
				CLANG_WARN_DIRECT_OBJC_ISA_USAGE = YES_ERROR;
				CLANG_WARN_DOCUMENTATION_COMMENTS = YES;
				CLANG_WARN_EMPTY_BODY = YES;
				CLANG_WARN_ENUM_CONVERSION = YES;
				CLANG_WARN_INFINITE_RECURSION = YES;
				CLANG_WARN_INT_CONVERSION = YES;
				CLANG_WARN_NON_LITERAL_NULL_CONVERSION = YES;
				CLANG_WARN_OBJC_IMPLICIT_RETAIN_SELF = YES;
				CLANG_WARN_OBJC_LITERAL_CONVERSION = YES;
				CLANG_WARN_OBJC_ROOT_CLASS = YES_ERROR;
				CLANG_WARN_QUOTED_INCLUDE_IN_FRAMEWORK_HEADER = YES;
				CLANG_WARN_RANGE_LOOP_ANALYSIS = YES;
				CLANG_WARN_STRICT_PROTOTYPES = YES;
				CLANG_WARN_SUSPICIOUS_MOVE = YES;
				CLANG_WARN_UNGUARDED_AVAILABILITY = YES_AGGRESSIVE;
				CLANG_WARN_UNREACHABLE_CODE = YES;
				CLANG_WARN__DUPLICATE_METHOD_MATCH = YES;
				COPY_PHASE_STRIP = NO;
				DEBUG_INFORMATION_FORMAT = dwarf;
				ENABLE_STRICT_OBJC_MSGSEND = YES;
				ENABLE_TESTABILITY = YES;
				GCC_C_LANGUAGE_STANDARD = gnu11;
				GCC_DYNAMIC_NO_PIC = NO;
				GCC_NO_COMMON_BLOCKS = YES;
				GCC_OPTIMIZATION_LEVEL = 0;
				GCC_PREPROCESSOR_DEFINITIONS = (
					"DEBUG=1",
					"$(inherited)",
				);
				GCC_WARN_64_TO_32_BIT_CONVERSION = YES;
				GCC_WARN_ABOUT_RETURN_TYPE = YES_ERROR;
				GCC_WARN_UNDECLARED_SELECTOR = YES;
				GCC_WARN_UNINITIALIZED_AUTOS = YES_AGGRESSIVE;
				GCC_WARN_UNUSED_FUNCTION = YES;
				GCC_WARN_UNUSED_VARIABLE = YES;
				IPHONEOS_DEPLOYMENT_TARGET = 16.4;
				MTL_ENABLE_DEBUG_INFO = INCLUDE_SOURCE;
				MTL_FAST_MATH = YES;
				ONLY_ACTIVE_ARCH = YES;
				SDKROOT = iphoneos;
				SWIFT_ACTIVE_COMPILATION_CONDITIONS = DEBUG;
				SWIFT_OPTIMIZATION_LEVEL = "-Onone";
			};
			name = Debug;
		};
		CA2B60082AB7DFC300749787 /* Release */ = {
			isa = XCBuildConfiguration;
			buildSettings = {
				ALWAYS_SEARCH_USER_PATHS = NO;
				CLANG_ANALYZER_NONNULL = YES;
				CLANG_ANALYZER_NUMBER_OBJECT_CONVERSION = YES_AGGRESSIVE;
				CLANG_CXX_LANGUAGE_STANDARD = "gnu++20";
				CLANG_ENABLE_MODULES = YES;
				CLANG_ENABLE_OBJC_ARC = YES;
				CLANG_ENABLE_OBJC_WEAK = YES;
				CLANG_WARN_BLOCK_CAPTURE_AUTORELEASING = YES;
				CLANG_WARN_BOOL_CONVERSION = YES;
				CLANG_WARN_COMMA = YES;
				CLANG_WARN_CONSTANT_CONVERSION = YES;
				CLANG_WARN_DEPRECATED_OBJC_IMPLEMENTATIONS = YES;
				CLANG_WARN_DIRECT_OBJC_ISA_USAGE = YES_ERROR;
				CLANG_WARN_DOCUMENTATION_COMMENTS = YES;
				CLANG_WARN_EMPTY_BODY = YES;
				CLANG_WARN_ENUM_CONVERSION = YES;
				CLANG_WARN_INFINITE_RECURSION = YES;
				CLANG_WARN_INT_CONVERSION = YES;
				CLANG_WARN_NON_LITERAL_NULL_CONVERSION = YES;
				CLANG_WARN_OBJC_IMPLICIT_RETAIN_SELF = YES;
				CLANG_WARN_OBJC_LITERAL_CONVERSION = YES;
				CLANG_WARN_OBJC_ROOT_CLASS = YES_ERROR;
				CLANG_WARN_QUOTED_INCLUDE_IN_FRAMEWORK_HEADER = YES;
				CLANG_WARN_RANGE_LOOP_ANALYSIS = YES;
				CLANG_WARN_STRICT_PROTOTYPES = YES;
				CLANG_WARN_SUSPICIOUS_MOVE = YES;
				CLANG_WARN_UNGUARDED_AVAILABILITY = YES_AGGRESSIVE;
				CLANG_WARN_UNREACHABLE_CODE = YES;
				CLANG_WARN__DUPLICATE_METHOD_MATCH = YES;
				COPY_PHASE_STRIP = NO;
				DEBUG_INFORMATION_FORMAT = "dwarf-with-dsym";
				ENABLE_NS_ASSERTIONS = NO;
				ENABLE_STRICT_OBJC_MSGSEND = YES;
				GCC_C_LANGUAGE_STANDARD = gnu11;
				GCC_NO_COMMON_BLOCKS = YES;
				GCC_WARN_64_TO_32_BIT_CONVERSION = YES;
				GCC_WARN_ABOUT_RETURN_TYPE = YES_ERROR;
				GCC_WARN_UNDECLARED_SELECTOR = YES;
				GCC_WARN_UNINITIALIZED_AUTOS = YES_AGGRESSIVE;
				GCC_WARN_UNUSED_FUNCTION = YES;
				GCC_WARN_UNUSED_VARIABLE = YES;
				IPHONEOS_DEPLOYMENT_TARGET = 16.4;
				MTL_ENABLE_DEBUG_INFO = NO;
				MTL_FAST_MATH = YES;
				SDKROOT = iphoneos;
				SWIFT_COMPILATION_MODE = wholemodule;
				SWIFT_OPTIMIZATION_LEVEL = "-O";
				VALIDATE_PRODUCT = YES;
			};
			name = Release;
		};
		CA2B600A2AB7DFC300749787 /* Debug */ = {
			isa = XCBuildConfiguration;
			buildSettings = {
				ASSETCATALOG_COMPILER_APPICON_NAME = AppIcon;
				ASSETCATALOG_COMPILER_GLOBAL_ACCENT_COLOR_NAME = AccentColor;
				CODE_SIGN_STYLE = Automatic;
				CURRENT_PROJECT_VERSION = 1;
				DEVELOPMENT_ASSET_PATHS = "\"iChat/Preview Content\"";
				ENABLE_PREVIEWS = YES;
				GENERATE_INFOPLIST_FILE = YES;
				INFOPLIST_KEY_UIApplicationSceneManifest_Generation = YES;
				INFOPLIST_KEY_UIApplicationSupportsIndirectInputEvents = YES;
				INFOPLIST_KEY_UILaunchScreen_Generation = YES;
				INFOPLIST_KEY_UISupportedInterfaceOrientations_iPad = "UIInterfaceOrientationPortrait UIInterfaceOrientationPortraitUpsideDown UIInterfaceOrientationLandscapeLeft UIInterfaceOrientationLandscapeRight";
				INFOPLIST_KEY_UISupportedInterfaceOrientations_iPhone = "UIInterfaceOrientationPortrait UIInterfaceOrientationLandscapeLeft UIInterfaceOrientationLandscapeRight";
				LD_RUNPATH_SEARCH_PATHS = (
					"$(inherited)",
					"@executable_path/Frameworks",
				);
				MARKETING_VERSION = 1.0;
				PRODUCT_BUNDLE_IDENTIFIER = liziwei01.iChat;
				PRODUCT_NAME = "$(TARGET_NAME)";
				SWIFT_EMIT_LOC_STRINGS = YES;
				SWIFT_VERSION = 5.0;
				TARGETED_DEVICE_FAMILY = "1,2";
			};
			name = Debug;
		};
		CA2B600B2AB7DFC300749787 /* Release */ = {
			isa = XCBuildConfiguration;
			buildSettings = {
				ASSETCATALOG_COMPILER_APPICON_NAME = AppIcon;
				ASSETCATALOG_COMPILER_GLOBAL_ACCENT_COLOR_NAME = AccentColor;
				CODE_SIGN_STYLE = Automatic;
				CURRENT_PROJECT_VERSION = 1;
				DEVELOPMENT_ASSET_PATHS = "\"iChat/Preview Content\"";
				ENABLE_PREVIEWS = YES;
				GENERATE_INFOPLIST_FILE = YES;
				INFOPLIST_KEY_UIApplicationSceneManifest_Generation = YES;
				INFOPLIST_KEY_UIApplicationSupportsIndirectInputEvents = YES;
				INFOPLIST_KEY_UILaunchScreen_Generation = YES;
				INFOPLIST_KEY_UISupportedInterfaceOrientations_iPad = "UIInterfaceOrientationPortrait UIInterfaceOrientationPortraitUpsideDown UIInterfaceOrientationLandscapeLeft UIInterfaceOrientationLandscapeRight";
				INFOPLIST_KEY_UISupportedInterfaceOrientations_iPhone = "UIInterfaceOrientationPortrait UIInterfaceOrientationLandscapeLeft UIInterfaceOrientationLandscapeRight";
				LD_RUNPATH_SEARCH_PATHS = (
					"$(inherited)",
					"@executable_path/Frameworks",
				);
				MARKETING_VERSION = 1.0;
				PRODUCT_BUNDLE_IDENTIFIER = liziwei01.iChat;
				PRODUCT_NAME = "$(TARGET_NAME)";
				SWIFT_EMIT_LOC_STRINGS = YES;
				SWIFT_VERSION = 5.0;
				TARGETED_DEVICE_FAMILY = "1,2";
			};
			name = Release;
		};
		CA2B600D2AB7DFC300749787 /* Debug */ = {
			isa = XCBuildConfiguration;
			buildSettings = {
				ALWAYS_EMBED_SWIFT_STANDARD_LIBRARIES = YES;
				BUNDLE_LOADER = "$(TEST_HOST)";
				CODE_SIGN_STYLE = Automatic;
				CURRENT_PROJECT_VERSION = 1;
				GENERATE_INFOPLIST_FILE = YES;
				IPHONEOS_DEPLOYMENT_TARGET = 16.4;
				MARKETING_VERSION = 1.0;
				PRODUCT_BUNDLE_IDENTIFIER = liziwei01.iChatTests;
				PRODUCT_NAME = "$(TARGET_NAME)";
				SWIFT_EMIT_LOC_STRINGS = NO;
				SWIFT_VERSION = 5.0;
				TARGETED_DEVICE_FAMILY = "1,2";
				TEST_HOST = "$(BUILT_PRODUCTS_DIR)/iChat.app/$(BUNDLE_EXECUTABLE_FOLDER_PATH)/iChat";
			};
			name = Debug;
		};
		CA2B600E2AB7DFC300749787 /* Release */ = {
			isa = XCBuildConfiguration;
			buildSettings = {
				ALWAYS_EMBED_SWIFT_STANDARD_LIBRARIES = YES;
				BUNDLE_LOADER = "$(TEST_HOST)";
				CODE_SIGN_STYLE = Automatic;
				CURRENT_PROJECT_VERSION = 1;
				GENERATE_INFOPLIST_FILE = YES;
				IPHONEOS_DEPLOYMENT_TARGET = 16.4;
				MARKETING_VERSION = 1.0;
				PRODUCT_BUNDLE_IDENTIFIER = liziwei01.iChatTests;
				PRODUCT_NAME = "$(TARGET_NAME)";
				SWIFT_EMIT_LOC_STRINGS = NO;
				SWIFT_VERSION = 5.0;
				TARGETED_DEVICE_FAMILY = "1,2";
				TEST_HOST = "$(BUILT_PRODUCTS_DIR)/iChat.app/$(BUNDLE_EXECUTABLE_FOLDER_PATH)/iChat";
			};
			name = Release;
		};
		CA2B60102AB7DFC300749787 /* Debug */ = {
			isa = XCBuildConfiguration;
			buildSettings = {
				ALWAYS_EMBED_SWIFT_STANDARD_LIBRARIES = YES;
				CODE_SIGN_STYLE = Automatic;
				CURRENT_PROJECT_VERSION = 1;
				GENERATE_INFOPLIST_FILE = YES;
				MARKETING_VERSION = 1.0;
				PRODUCT_BUNDLE_IDENTIFIER = liziwei01.iChatUITests;
				PRODUCT_NAME = "$(TARGET_NAME)";
				SWIFT_EMIT_LOC_STRINGS = NO;
				SWIFT_VERSION = 5.0;
				TARGETED_DEVICE_FAMILY = "1,2";
				TEST_TARGET_NAME = iChat;
			};
			name = Debug;
		};
		CA2B60112AB7DFC300749787 /* Release */ = {
			isa = XCBuildConfiguration;
			buildSettings = {
				ALWAYS_EMBED_SWIFT_STANDARD_LIBRARIES = YES;
				CODE_SIGN_STYLE = Automatic;
				CURRENT_PROJECT_VERSION = 1;
				GENERATE_INFOPLIST_FILE = YES;
				MARKETING_VERSION = 1.0;
				PRODUCT_BUNDLE_IDENTIFIER = liziwei01.iChatUITests;
				PRODUCT_NAME = "$(TARGET_NAME)";
				SWIFT_EMIT_LOC_STRINGS = NO;
				SWIFT_VERSION = 5.0;
				TARGETED_DEVICE_FAMILY = "1,2";
				TEST_TARGET_NAME = iChat;
			};
			name = Release;
		};
/* End XCBuildConfiguration section */

/* Begin XCConfigurationList section */
		CA2B5FE02AB7DFC200749787 /* Build configuration list for PBXProject "iChat" */ = {
			isa = XCConfigurationList;
			buildConfigurations = (
				CA2B60072AB7DFC300749787 /* Debug */,
				CA2B60082AB7DFC300749787 /* Release */,
			);
			defaultConfigurationIsVisible = 0;
			defaultConfigurationName = Release;
		};
		CA2B60092AB7DFC300749787 /* Build configuration list for PBXNativeTarget "iChat" */ = {
			isa = XCConfigurationList;
			buildConfigurations = (
				CA2B600A2AB7DFC300749787 /* Debug */,
				CA2B600B2AB7DFC300749787 /* Release */,
			);
			defaultConfigurationIsVisible = 0;
			defaultConfigurationName = Release;
		};
		CA2B600C2AB7DFC300749787 /* Build configuration list for PBXNativeTarget "iChatTests" */ = {
			isa = XCConfigurationList;
			buildConfigurations = (
				CA2B600D2AB7DFC300749787 /* Debug */,
				CA2B600E2AB7DFC300749787 /* Release */,
			);
			defaultConfigurationIsVisible = 0;
			defaultConfigurationName = Release;
		};
		CA2B600F2AB7DFC300749787 /* Build configuration list for PBXNativeTarget "iChatUITests" */ = {
			isa = XCConfigurationList;
			buildConfigurations = (
				CA2B60102AB7DFC300749787 /* Debug */,
				CA2B60112AB7DFC300749787 /* Release */,
			);
			defaultConfigurationIsVisible = 0;
			defaultConfigurationName = Release;
		};
/* End XCConfigurationList section */
	};
	rootObject = CA2B5FDD2AB7DFC200749787 /* Project object */;
}
